// !$*UTF8*$!
{
	archiveVersion = 1;
	classes = {
	};
	objectVersion = 50;
	objects = {

/* Begin PBXBuildFile section */
		CABC9DED257835C500210716 /* AppDelegate.swift in Sources */ = {isa = PBXBuildFile; fileRef = CABC9DEC257835C500210716 /* AppDelegate.swift */; };
		CABC9DEF257835C500210716 /* SceneDelegate.swift in Sources */ = {isa = PBXBuildFile; fileRef = CABC9DEE257835C500210716 /* SceneDelegate.swift */; };
		CABC9DF1257835C500210716 /* ViewController.swift in Sources */ = {isa = PBXBuildFile; fileRef = CABC9DF0257835C500210716 /* ViewController.swift */; };
		CABC9DF4257835C500210716 /* Main.storyboard in Resources */ = {isa = PBXBuildFile; fileRef = CABC9DF2257835C500210716 /* Main.storyboard */; };
		CABC9DF6257835C900210716 /* Assets.xcassets in Resources */ = {isa = PBXBuildFile; fileRef = CABC9DF5257835C900210716 /* Assets.xcassets */; };
		CABC9DF9257835C900210716 /* LaunchScreen.storyboard in Resources */ = {isa = PBXBuildFile; fileRef = CABC9DF7257835C900210716 /* LaunchScreen.storyboard */; };
		CABC9E02257839A900210716 /* NetWorkLayer.swift in Sources */ = {isa = PBXBuildFile; fileRef = CABC9E01257839A900210716 /* NetWorkLayer.swift */; };
		CABC9E0525783AE000210716 /* Model.swift in Sources */ = {isa = PBXBuildFile; fileRef = CABC9E0425783AE000210716 /* Model.swift */; };
/* End PBXBuildFile section */

/* Begin PBXFileReference section */
		CABC9DE9257835C500210716 /* JSONDecode.app */ = {isa = PBXFileReference; explicitFileType = wrapper.application; includeInIndex = 0; path = JSONDecode.app; sourceTree = BUILT_PRODUCTS_DIR; };
		CABC9DEC257835C500210716 /* AppDelegate.swift */ = {isa = PBXFileReference; lastKnownFileType = sourcecode.swift; path = AppDelegate.swift; sourceTree = "<group>"; };
		CABC9DEE257835C500210716 /* SceneDelegate.swift */ = {isa = PBXFileReference; lastKnownFileType = sourcecode.swift; path = SceneDelegate.swift; sourceTree = "<group>"; };
		CABC9DF0257835C500210716 /* ViewController.swift */ = {isa = PBXFileReference; lastKnownFileType = sourcecode.swift; path = ViewController.swift; sourceTree = "<group>"; };
		CABC9DF3257835C500210716 /* Base */ = {isa = PBXFileReference; lastKnownFileType = file.storyboard; name = Base; path = Base.lproj/Main.storyboard; sourceTree = "<group>"; };
		CABC9DF5257835C900210716 /* Assets.xcassets */ = {isa = PBXFileReference; lastKnownFileType = folder.assetcatalog; path = Assets.xcassets; sourceTree = "<group>"; };
		CABC9DF8257835C900210716 /* Base */ = {isa = PBXFileReference; lastKnownFileType = file.storyboard; name = Base; path = Base.lproj/LaunchScreen.storyboard; sourceTree = "<group>"; };
		CABC9DFA257835C900210716 /* Info.plist */ = {isa = PBXFileReference; lastKnownFileType = text.plist.xml; path = Info.plist; sourceTree = "<group>"; };
		CABC9E01257839A900210716 /* NetWorkLayer.swift */ = {isa = PBXFileReference; lastKnownFileType = sourcecode.swift; path = NetWorkLayer.swift; sourceTree = "<group>"; };
		CABC9E0425783AE000210716 /* Model.swift */ = {isa = PBXFileReference; lastKnownFileType = sourcecode.swift; path = Model.swift; sourceTree = "<group>"; };
/* End PBXFileReference section */

/* Begin PBXFrameworksBuildPhase section */
		CABC9DE6257835C500210716 /* Frameworks */ = {
			isa = PBXFrameworksBuildPhase;
			buildActionMask = 2147483647;
			files = (
			);
			runOnlyForDeploymentPostprocessing = 0;
		};
/* End PBXFrameworksBuildPhase section */

/* Begin PBXGroup section */
		CABC9DE0257835C500210716 = {
			isa = PBXGroup;
			children = (
				CABC9DEB257835C500210716 /* JSONDecode */,
				CABC9DEA257835C500210716 /* Products */,
			);
			sourceTree = "<group>";
		};
		CABC9DEA257835C500210716 /* Products */ = {
			isa = PBXGroup;
			children = (
				CABC9DE9257835C500210716 /* JSONDecode.app */,
			);
			name = Products;
			sourceTree = "<group>";
		};
		CABC9DEB257835C500210716 /* JSONDecode */ = {
			isa = PBXGroup;
			children = (
				CABC9DEC257835C500210716 /* AppDelegate.swift */,
				CABC9DEE257835C500210716 /* SceneDelegate.swift */,
				CABC9DF0257835C500210716 /* ViewController.swift */,
				CABC9E0425783AE000210716 /* Model.swift */,
				CABC9DF2257835C500210716 /* Main.storyboard */,
				CABC9DF5257835C900210716 /* Assets.xcassets */,
				CABC9DF7257835C900210716 /* LaunchScreen.storyboard */,
				CABC9DFA257835C900210716 /* Info.plist */,
				CABC9E01257839A900210716 /* NetWorkLayer.swift */,
			);
			path = JSONDecode;
			sourceTree = "<group>";
		};
/* End PBXGroup section */

/* Begin PBXNativeTarget section */
		CABC9DE8257835C500210716 /* JSONDecode */ = {
			isa = PBXNativeTarget;
			buildConfigurationList = CABC9DFD257835C900210716 /* Build configuration list for PBXNativeTarget "JSONDecode" */;
			buildPhases = (
				CABC9DE5257835C500210716 /* Sources */,
				CABC9DE6257835C500210716 /* Frameworks */,
				CABC9DE7257835C500210716 /* Resources */,
			);
			buildRules = (
			);
			dependencies = (
			);
			name = JSONDecode;
			productName = JSONDecode;
			productReference = CABC9DE9257835C500210716 /* JSONDecode.app */;
			productType = "com.apple.product-type.application";
		};
/* End PBXNativeTarget section */

/* Begin PBXProject section */
		CABC9DE1257835C500210716 /* Project object */ = {
			isa = PBXProject;
			attributes = {
				LastSwiftUpdateCheck = 1210;
				LastUpgradeCheck = 1210;
				TargetAttributes = {
					CABC9DE8257835C500210716 = {
						CreatedOnToolsVersion = 12.1;
					};
				};
			};
			buildConfigurationList = CABC9DE4257835C500210716 /* Build configuration list for PBXProject "JSONDecode" */;
			compatibilityVersion = "Xcode 9.3";
			developmentRegion = en;
			hasScannedForEncodings = 0;
			knownRegions = (
				en,
				Base,
			);
			mainGroup = CABC9DE0257835C500210716;
			productRefGroup = CABC9DEA257835C500210716 /* Products */;
			projectDirPath = "";
			projectRoot = "";
			targets = (
				CABC9DE8257835C500210716 /* JSONDecode */,
			);
		};
/* End PBXProject section */

/* Begin PBXResourcesBuildPhase section */
		CABC9DE7257835C500210716 /* Resources */ = {
			isa = PBXResourcesBuildPhase;
			buildActionMask = 2147483647;
			files = (
				CABC9DF9257835C900210716 /* LaunchScreen.storyboard in Resources */,
				CABC9DF6257835C900210716 /* Assets.xcassets in Resources */,
				CABC9DF4257835C500210716 /* Main.storyboard in Resources */,
			);
			runOnlyForDeploymentPostprocessing = 0;
		};
/* End PBXResourcesBuildPhase section */

/* Begin PBXSourcesBuildPhase section */
		CABC9DE5257835C500210716 /* Sources */ = {
			isa = PBXSourcesBuildPhase;
			buildActionMask = 2147483647;
			files = (
				CABC9E0525783AE000210716 /* Model.swift in Sources */,
				CABC9E02257839A900210716 /* NetWorkLayer.swift in Sources */,
				CABC9DF1257835C500210716 /* ViewController.swift in Sources */,
				CABC9DED257835C500210716 /* AppDelegate.swift in Sources */,
				CABC9DEF257835C500210716 /* SceneDelegate.swift in Sources */,
			);
			runOnlyForDeploymentPostprocessing = 0;
		};
/* End PBXSourcesBuildPhase section */

/* Begin PBXVariantGroup section */
		CABC9DF2257835C500210716 /* Main.storyboard */ = {
			isa = PBXVariantGroup;
			children = (
				CABC9DF3257835C500210716 /* Base */,
			);
			name = Main.storyboard;
			sourceTree = "<group>";
		};
		CABC9DF7257835C900210716 /* LaunchScreen.storyboard */ = {
			isa = PBXVariantGroup;
			children = (
				CABC9DF8257835C900210716 /* Base */,
			);
			name = LaunchScreen.storyboard;
			sourceTree = "<group>";
		};
/* End PBXVariantGroup section */

/* Begin XCBuildConfiguration section */
		CABC9DFB257835C900210716 /* Debug */ = {
			isa = XCBuildConfiguration;
			buildSettings = {
				ALWAYS_SEARCH_USER_PATHS = NO;
				CLANG_ANALYZER_NONNULL = YES;
				CLANG_ANALYZER_NUMBER_OBJECT_CONVERSION = YES_AGGRESSIVE;
				CLANG_CXX_LANGUAGE_STANDARD = "gnu++14";
				CLANG_CXX_LIBRARY = "libc++";
				CLANG_ENABLE_MODULES = YES;
				CLANG_ENABLE_OBJC_ARC = YES;
				CLANG_ENABLE_OBJC_WEAK = YES;
				CLANG_WARN_BLOCK_CAPTURE_AUTORELEASING = YES;
				CLANG_WARN_BOOL_CONVERSION = YES;
				CLANG_WARN_COMMA = YES;
				CLANG_WARN_CONSTANT_CONVERSION = YES;
				CLANG_WARN_DEPRECATED_OBJC_IMPLEMENTATIONS = YES;
				CLANG_WARN_DIRECT_OBJC_ISA_USAGE = YES_ERROR;
				CLANG_WARN_DOCUMENTATION_COMMENTS = YES;
				CLANG_WARN_EMPTY_BODY = YES;
				CLANG_WARN_ENUM_CONVERSION = YES;
				CLANG_WARN_INFINITE_RECURSION = YES;
				CLANG_WARN_INT_CONVERSION = YES;
				CLANG_WARN_NON_LITERAL_NULL_CONVERSION = YES;
				CLANG_WARN_OBJC_IMPLICIT_RETAIN_SELF = YES;
				CLANG_WARN_OBJC_LITERAL_CONVERSION = YES;
				CLANG_WARN_OBJC_ROOT_CLASS = YES_ERROR;
				CLANG_WARN_QUOTED_INCLUDE_IN_FRAMEWORK_HEADER = YES;
				CLANG_WARN_RANGE_LOOP_ANALYSIS = YES;
				CLANG_WARN_STRICT_PROTOTYPES = YES;
				CLANG_WARN_SUSPICIOUS_MOVE = YES;
				CLANG_WARN_UNGUARDED_AVAILABILITY = YES_AGGRESSIVE;
				CLANG_WARN_UNREACHABLE_CODE = YES;
				CLANG_WARN__DUPLICATE_METHOD_MATCH = YES;
				COPY_PHASE_STRIP = NO;
				DEBUG_INFORMATION_FORMAT = dwarf;
				ENABLE_STRICT_OBJC_MSGSEND = YES;
				ENABLE_TESTABILITY = YES;
				GCC_C_LANGUAGE_STANDARD = gnu11;
				GCC_DYNAMIC_NO_PIC = NO;
				GCC_NO_COMMON_BLOCKS = YES;
				GCC_OPTIMIZATION_LEVEL = 0;
				GCC_PREPROCESSOR_DEFINITIONS = (
					"DEBUG=1",
					"$(inherited)",
				);
				GCC_WARN_64_TO_32_BIT_CONVERSION = YES;
				GCC_WARN_ABOUT_RETURN_TYPE = YES_ERROR;
				GCC_WARN_UNDECLARED_SELECTOR = YES;
				GCC_WARN_UNINITIALIZED_AUTOS = YES_AGGRESSIVE;
				GCC_WARN_UNUSED_FUNCTION = YES;
				GCC_WARN_UNUSED_VARIABLE = YES;
				IPHONEOS_DEPLOYMENT_TARGET = 14.1;
				MTL_ENABLE_DEBUG_INFO = INCLUDE_SOURCE;
				MTL_FAST_MATH = YES;
				ONLY_ACTIVE_ARCH = YES;
				SDKROOT = iphoneos;
				SWIFT_ACTIVE_COMPILATION_CONDITIONS = DEBUG;
				SWIFT_OPTIMIZATION_LEVEL = "-Onone";
			};
			name = Debug;
		};
		CABC9DFC257835C900210716 /* Release */ = {
			isa = XCBuildConfiguration;
			buildSettings = {
				ALWAYS_SEARCH_USER_PATHS = NO;
				CLANG_ANALYZER_NONNULL = YES;
				CLANG_ANALYZER_NUMBER_OBJECT_CONVERSION = YES_AGGRESSIVE;
				CLANG_CXX_LANGUAGE_STANDARD = "gnu++14";
				CLANG_CXX_LIBRARY = "libc++";
				CLANG_ENABLE_MODULES = YES;
				CLANG_ENABLE_OBJC_ARC = YES;
				CLANG_ENABLE_OBJC_WEAK = YES;
				CLANG_WARN_BLOCK_CAPTURE_AUTORELEASING = YES;
				CLANG_WARN_BOOL_CONVERSION = YES;
				CLANG_WARN_COMMA = YES;
				CLANG_WARN_CONSTANT_CONVERSION = YES;
				CLANG_WARN_DEPRECATED_OBJC_IMPLEMENTATIONS = YES;
				CLANG_WARN_DIRECT_OBJC_ISA_USAGE = YES_ERROR;
				CLANG_WARN_DOCUMENTATION_COMMENTS = YES;
				CLANG_WARN_EMPTY_BODY = YES;
				CLANG_WARN_ENUM_CONVERSION = YES;
				CLANG_WARN_INFINITE_RECURSION = YES;
				CLANG_WARN_INT_CONVERSION = YES;
				CLANG_WARN_NON_LITERAL_NULL_CONVERSION = YES;
				CLANG_WARN_OBJC_IMPLICIT_RETAIN_SELF = YES;
				CLANG_WARN_OBJC_LITERAL_CONVERSION = YES;
				CLANG_WARN_OBJC_ROOT_CLASS = YES_ERROR;
				CLANG_WARN_QUOTED_INCLUDE_IN_FRAMEWORK_HEADER = YES;
				CLANG_WARN_RANGE_LOOP_ANALYSIS = YES;
				CLANG_WARN_STRICT_PROTOTYPES = YES;
				CLANG_WARN_SUSPICIOUS_MOVE = YES;
				CLANG_WARN_UNGUARDED_AVAILABILITY = YES_AGGRESSIVE;
				CLANG_WARN_UNREACHABLE_CODE = YES;
				CLANG_WARN__DUPLICATE_METHOD_MATCH = YES;
				COPY_PHASE_STRIP = NO;
				DEBUG_INFORMATION_FORMAT = "dwarf-with-dsym";
				ENABLE_NS_ASSERTIONS = NO;
				ENABLE_STRICT_OBJC_MSGSEND = YES;
				GCC_C_LANGUAGE_STANDARD = gnu11;
				GCC_NO_COMMON_BLOCKS = YES;
				GCC_WARN_64_TO_32_BIT_CONVERSION = YES;
				GCC_WARN_ABOUT_RETURN_TYPE = YES_ERROR;
				GCC_WARN_UNDECLARED_SELECTOR = YES;
				GCC_WARN_UNINITIALIZED_AUTOS = YES_AGGRESSIVE;
				GCC_WARN_UNUSED_FUNCTION = YES;
				GCC_WARN_UNUSED_VARIABLE = YES;
				IPHONEOS_DEPLOYMENT_TARGET = 14.1;
				MTL_ENABLE_DEBUG_INFO = NO;
				MTL_FAST_MATH = YES;
				SDKROOT = iphoneos;
				SWIFT_COMPILATION_MODE = wholemodule;
				SWIFT_OPTIMIZATION_LEVEL = "-O";
				VALIDATE_PRODUCT = YES;
			};
			name = Release;
		};
		CABC9DFE257835C900210716 /* Debug */ = {
			isa = XCBuildConfiguration;
			buildSettings = {
				ASSETCATALOG_COMPILER_APPICON_NAME = AppIcon;
				ASSETCATALOG_COMPILER_GLOBAL_ACCENT_COLOR_NAME = AccentColor;
				CODE_SIGN_STYLE = Automatic;
				DEVELOPMENT_TEAM = 7AU9D3QRWG;
				INFOPLIST_FILE = JSONDecode/Info.plist;
				IPHONEOS_DEPLOYMENT_TARGET = 13.0;
				LD_RUNPATH_SEARCH_PATHS = (
					"$(inherited)",
					"@executable_path/Frameworks",
				);
				PRODUCT_BUNDLE_IDENTIFIER = yangli.JSONDecode;
				PRODUCT_NAME = "$(TARGET_NAME)";
				SWIFT_VERSION = 5.0;
				TARGETED_DEVICE_FAMILY = "1,2";
			};
			name = Debug;
		};
		CABC9DFF257835C900210716 /* Release */ = {
			isa = XCBuildConfiguration;
			buildSettings = {
				ASSETCATALOG_COMPILER_APPICON_NAME = AppIcon;
				ASSETCATALOG_COMPILER_GLOBAL_ACCENT_COLOR_NAME = AccentColor;
				CODE_SIGN_STYLE = Automatic;
				DEVELOPMENT_TEAM = 7AU9D3QRWG;
				INFOPLIST_FILE = JSONDecode/Info.plist;
				IPHONEOS_DEPLOYMENT_TARGET = 13.0;
				LD_RUNPATH_SEARCH_PATHS = (
					"$(inherited)",
					"@executable_path/Frameworks",
				);
				PRODUCT_BUNDLE_IDENTIFIER = yangli.JSONDecode;
				PRODUCT_NAME = "$(TARGET_NAME)";
				SWIFT_VERSION = 5.0;
				TARGETED_DEVICE_FAMILY = "1,2";
			};
			name = Release;
		};
/* End XCBuildConfiguration section */

/* Begin XCConfigurationList section */
		CABC9DE4257835C500210716 /* Build configuration list for PBXProject "JSONDecode" */ = {
			isa = XCConfigurationList;
			buildConfigurations = (
				CABC9DFB257835C900210716 /* Debug */,
				CABC9DFC257835C900210716 /* Release */,
			);
			defaultConfigurationIsVisible = 0;
			defaultConfigurationName = Release;
		};
		CABC9DFD257835C900210716 /* Build configuration list for PBXNativeTarget "JSONDecode" */ = {
			isa = XCConfigurationList;
			buildConfigurations = (
				CABC9DFE257835C900210716 /* Debug */,
				CABC9DFF257835C900210716 /* Release */,
			);
			defaultConfigurationIsVisible = 0;
			defaultConfigurationName = Release;
		};
/* End XCConfigurationList section */
	};
	rootObject = CABC9DE1257835C500210716 /* Project object */;
}
